
Microsoft Visual Studio Solution File, Format Version 12.00
# Visual Studio 15
VisualStudioVersion = 15.0.28307.960
MinimumVisualStudioVersion = 10.0.40219.1
Project("{8BC9CEB8-8B4A-11D0-8D11-00A0C91BC942}") = "SCHOOL_TEST", "SCHOOL_TEST.vcxproj", "{24C9B28C-3346-4E30-AC15-0625C718EABF}"
EndProject
Global
	GlobalSection(SolutionConfigurationPlatforms) = preSolution
		Debug|x64 = Debug|x64
		Debug|x86 = Debug|x86
		Release|x64 = Release|x64
		Release|x86 = Release|x86
	EndGlobalSection
	GlobalSection(ProjectConfigurationPlatforms) = postSolution
		{24C9B28C-3346-4E30-AC15-0625C718EABF}.Debug|x64.ActiveCfg = Debug|x64
		{24C9B28C-3346-4E30-AC15-0625C718EABF}.Debug|x64.Build.0 = Debug|x64
		{24C9B28C-3346-4E30-AC15-0625C718EABF}.Debug|x86.ActiveCfg = Debug|Win32
		{24C9B28C-3346-4E30-AC15-0625C718EABF}.Debug|x86.Build.0 = Debug|Win32
		{24C9B28C-3346-4E30-AC15-0625C718EABF}.Release|x64.ActiveCfg = Release|x64
		{24C9B28C-3346-4E30-AC15-0625C718EABF}.Release|x64.Build.0 = Release|x64
		{24C9B28C-3346-4E30-AC15-0625C718EABF}.Release|x86.ActiveCfg = Release|Win32
		{24C9B28C-3346-4E30-AC15-0625C718EABF}.Release|x86.Build.0 = Release|Win32
	EndGlobalSection
	GlobalSection(SolutionProperties) = preSolution
		HideSolutionNode = FALSE
	EndGlobalSection
	GlobalSection(ExtensibilityGlobals) = postSolution
		SolutionGuid = {EDE2A044-A8E8-4DE3-98AB-2EF720DAC14D}
	EndGlobalSection
EndGlobal
